// !$*UTF8*$!
{
	archiveVersion = 1;
	classes = {
	};
	objectVersion = 46;
	objects = {

/* Begin PBXBuildFile section */
		044619D41EFA640F008CD1E2 /* AppDelegate.swift in Sources */ = {isa = PBXBuildFile; fileRef = 044619D31EFA640F008CD1E2 /* AppDelegate.swift */; };
		044619DB1EFA640F008CD1E2 /* Assets.xcassets in Resources */ = {isa = PBXBuildFile; fileRef = 044619DA1EFA640F008CD1E2 /* Assets.xcassets */; };
		044619E71EFA64BB008CD1E2 /* LaunchScreen.storyboard in Resources */ = {isa = PBXBuildFile; fileRef = 044619E61EFA64BB008CD1E2 /* LaunchScreen.storyboard */; };
		04461A041EFA66A7008CD1E2 /* MYButton.swift in Sources */ = {isa = PBXBuildFile; fileRef = 044619EF1EFA66A7008CD1E2 /* MYButton.swift */; };
		04461A051EFA66A7008CD1E2 /* MYLabel.swift in Sources */ = {isa = PBXBuildFile; fileRef = 044619F01EFA66A7008CD1E2 /* MYLabel.swift */; };
		04461A071EFA66A7008CD1E2 /* MYTextField.swift in Sources */ = {isa = PBXBuildFile; fileRef = 044619F21EFA66A7008CD1E2 /* MYTextField.swift */; };
		04461A0B1EFA66A7008CD1E2 /* MYViewController.swift in Sources */ = {isa = PBXBuildFile; fileRef = 044619F71EFA66A7008CD1E2 /* MYViewController.swift */; };
		04461A0E1EFA66A7008CD1E2 /* Ext.Color.swift in Sources */ = {isa = PBXBuildFile; fileRef = 044619FB1EFA66A7008CD1E2 /* Ext.Color.swift */; };
		04461A1C1EFA6FE9008CD1E2 /* MenuView.xib in Resources */ = {isa = PBXBuildFile; fileRef = 04461A1B1EFA6FE9008CD1E2 /* MenuView.xib */; };
		04461A1F1EFA705C008CD1E2 /* Main.storyboard in Resources */ = {isa = PBXBuildFile; fileRef = 04461A1D1EFA705C008CD1E2 /* Main.storyboard */; };
		04461A201EFA705C008CD1E2 /* Main.swift in Sources */ = {isa = PBXBuildFile; fileRef = 04461A1E1EFA705C008CD1E2 /* Main.swift */; };
		04461A221EFA7073008CD1E2 /* MenuView.swift in Sources */ = {isa = PBXBuildFile; fileRef = 04461A211EFA7073008CD1E2 /* MenuView.swift */; };
		04461A241EFA84B9008CD1E2 /* Login.swift in Sources */ = {isa = PBXBuildFile; fileRef = 04461A231EFA84B9008CD1E2 /* Login.swift */; };
		04461A281EFA8558008CD1E2 /* MYLanguage.swift in Sources */ = {isa = PBXBuildFile; fileRef = 04461A261EFA8558008CD1E2 /* MYLanguage.swift */; };
		04461A291EFA8558008CD1E2 /* MYWheel.swift in Sources */ = {isa = PBXBuildFile; fileRef = 04461A271EFA8558008CD1E2 /* MYWheel.swift */; };
		04461A2C1EFA85CF008CD1E2 /* Ext.Date.swift in Sources */ = {isa = PBXBuildFile; fileRef = 04461A2A1EFA85CF008CD1E2 /* Ext.Date.swift */; };
		04461A2D1EFA85CF008CD1E2 /* Ext.UIFont.swift in Sources */ = {isa = PBXBuildFile; fileRef = 04461A2B1EFA85CF008CD1E2 /* Ext.UIFont.swift */; };
		04461A2F1EFA85F7008CD1E2 /* Ext.String.swift in Sources */ = {isa = PBXBuildFile; fileRef = 04461A2E1EFA85F7008CD1E2 /* Ext.String.swift */; };
		04461A311EFA8629008CD1E2 /* Lang.txt in Resources */ = {isa = PBXBuildFile; fileRef = 04461A301EFA8629008CD1E2 /* Lang.txt */; };
		04461A331EFA8955008CD1E2 /* Ext.UIViewController.swift in Sources */ = {isa = PBXBuildFile; fileRef = 04461A321EFA8955008CD1E2 /* Ext.UIViewController.swift */; };
		0472E2A91EFAC74D001CE358 /* Ext.Dictionary.swift in Sources */ = {isa = PBXBuildFile; fileRef = 0472E2A81EFAC74D001CE358 /* Ext.Dictionary.swift */; };
		04BCAD2D1EFA97B900745556 /* MainCell.swift in Sources */ = {isa = PBXBuildFile; fileRef = 04BCAD2C1EFA97B900745556 /* MainCell.swift */; };
		04BCAD341EFA9DCF00745556 /* User.swift in Sources */ = {isa = PBXBuildFile; fileRef = 04BCAD331EFA9DCF00745556 /* User.swift */; };
		04BCAD381EFAB7FC00745556 /* MYHttpAlamo.swift in Sources */ = {isa = PBXBuildFile; fileRef = 04BCAD371EFAB7FC00745556 /* MYHttpAlamo.swift */; };
		04C910B31EFD2131000D2DB8 /* HeaderView.swift in Sources */ = {isa = PBXBuildFile; fileRef = 04C910B11EFD2131000D2DB8 /* HeaderView.swift */; };
		04C910B41EFD2131000D2DB8 /* HeaderView.xib in Resources */ = {isa = PBXBuildFile; fileRef = 04C910B21EFD2131000D2DB8 /* HeaderView.xib */; };
		5F1BB5DE48EC86B1B8BAB5DF /* Pods_MisteryClient.framework in Frameworks */ = {isa = PBXBuildFile; fileRef = 749E76EC3301FB6DF0D30FA0 /* Pods_MisteryClient.framework */; };
/* End PBXBuildFile section */

/* Begin PBXFileReference section */
		044619D01EFA640F008CD1E2 /* MisteryClient.app */ = {isa = PBXFileReference; explicitFileType = wrapper.application; includeInIndex = 0; path = MisteryClient.app; sourceTree = BUILT_PRODUCTS_DIR; };
		044619D31EFA640F008CD1E2 /* AppDelegate.swift */ = {isa = PBXFileReference; lastKnownFileType = sourcecode.swift; path = AppDelegate.swift; sourceTree = "<group>"; };
		044619DA1EFA640F008CD1E2 /* Assets.xcassets */ = {isa = PBXFileReference; lastKnownFileType = folder.assetcatalog; path = Assets.xcassets; sourceTree = "<group>"; };
		044619DF1EFA6410008CD1E2 /* Info.plist */ = {isa = PBXFileReference; lastKnownFileType = text.plist.xml; path = Info.plist; sourceTree = "<group>"; };
		044619E61EFA64BB008CD1E2 /* LaunchScreen.storyboard */ = {isa = PBXFileReference; fileEncoding = 4; lastKnownFileType = file.storyboard; path = LaunchScreen.storyboard; sourceTree = "<group>"; };
		044619EF1EFA66A7008CD1E2 /* MYButton.swift */ = {isa = PBXFileReference; fileEncoding = 4; lastKnownFileType = sourcecode.swift; path = MYButton.swift; sourceTree = "<group>"; };
		044619F01EFA66A7008CD1E2 /* MYLabel.swift */ = {isa = PBXFileReference; fileEncoding = 4; lastKnownFileType = sourcecode.swift; path = MYLabel.swift; sourceTree = "<group>"; };
		044619F21EFA66A7008CD1E2 /* MYTextField.swift */ = {isa = PBXFileReference; fileEncoding = 4; lastKnownFileType = sourcecode.swift; path = MYTextField.swift; sourceTree = "<group>"; };
		044619F71EFA66A7008CD1E2 /* MYViewController.swift */ = {isa = PBXFileReference; fileEncoding = 4; lastKnownFileType = sourcecode.swift; path = MYViewController.swift; sourceTree = "<group>"; };
		044619FB1EFA66A7008CD1E2 /* Ext.Color.swift */ = {isa = PBXFileReference; fileEncoding = 4; lastKnownFileType = sourcecode.swift; path = Ext.Color.swift; sourceTree = "<group>"; };
		04461A1B1EFA6FE9008CD1E2 /* MenuView.xib */ = {isa = PBXFileReference; fileEncoding = 4; lastKnownFileType = file.xib; name = MenuView.xib; path = Main/Menu/MenuView.xib; sourceTree = SOURCE_ROOT; };
		04461A1D1EFA705C008CD1E2 /* Main.storyboard */ = {isa = PBXFileReference; fileEncoding = 4; lastKnownFileType = file.storyboard; name = Main.storyboard; path = Main/Main.storyboard; sourceTree = SOURCE_ROOT; };
		04461A1E1EFA705C008CD1E2 /* Main.swift */ = {isa = PBXFileReference; fileEncoding = 4; lastKnownFileType = sourcecode.swift; name = Main.swift; path = Main/Main.swift; sourceTree = SOURCE_ROOT; };
		04461A211EFA7073008CD1E2 /* MenuView.swift */ = {isa = PBXFileReference; fileEncoding = 4; lastKnownFileType = sourcecode.swift; name = MenuView.swift; path = Main/Menu/MenuView.swift; sourceTree = SOURCE_ROOT; };
		04461A231EFA84B9008CD1E2 /* Login.swift */ = {isa = PBXFileReference; fileEncoding = 4; lastKnownFileType = sourcecode.swift; name = Login.swift; path = Main/Login.swift; sourceTree = SOURCE_ROOT; };
		04461A261EFA8558008CD1E2 /* MYLanguage.swift */ = {isa = PBXFileReference; fileEncoding = 4; lastKnownFileType = sourcecode.swift; path = MYLanguage.swift; sourceTree = "<group>"; };
		04461A271EFA8558008CD1E2 /* MYWheel.swift */ = {isa = PBXFileReference; fileEncoding = 4; lastKnownFileType = sourcecode.swift; path = MYWheel.swift; sourceTree = "<group>"; };
		04461A2A1EFA85CF008CD1E2 /* Ext.Date.swift */ = {isa = PBXFileReference; fileEncoding = 4; lastKnownFileType = sourcecode.swift; path = Ext.Date.swift; sourceTree = "<group>"; };
		04461A2B1EFA85CF008CD1E2 /* Ext.UIFont.swift */ = {isa = PBXFileReference; fileEncoding = 4; lastKnownFileType = sourcecode.swift; path = Ext.UIFont.swift; sourceTree = "<group>"; };
		04461A2E1EFA85F7008CD1E2 /* Ext.String.swift */ = {isa = PBXFileReference; fileEncoding = 4; lastKnownFileType = sourcecode.swift; path = Ext.String.swift; sourceTree = "<group>"; };
		04461A301EFA8629008CD1E2 /* Lang.txt */ = {isa = PBXFileReference; fileEncoding = 4; lastKnownFileType = text; path = Lang.txt; sourceTree = "<group>"; };
		04461A321EFA8955008CD1E2 /* Ext.UIViewController.swift */ = {isa = PBXFileReference; fileEncoding = 4; lastKnownFileType = sourcecode.swift; path = Ext.UIViewController.swift; sourceTree = "<group>"; };
		0472E2A81EFAC74D001CE358 /* Ext.Dictionary.swift */ = {isa = PBXFileReference; fileEncoding = 4; lastKnownFileType = sourcecode.swift; path = Ext.Dictionary.swift; sourceTree = "<group>"; };
		04BCAD2C1EFA97B900745556 /* MainCell.swift */ = {isa = PBXFileReference; fileEncoding = 4; lastKnownFileType = sourcecode.swift; name = MainCell.swift; path = Main/MainCell.swift; sourceTree = SOURCE_ROOT; };
		04BCAD331EFA9DCF00745556 /* User.swift */ = {isa = PBXFileReference; fileEncoding = 4; lastKnownFileType = sourcecode.swift; name = User.swift; path = Model/User.swift; sourceTree = "<group>"; };
		04BCAD371EFAB7FC00745556 /* MYHttpAlamo.swift */ = {isa = PBXFileReference; fileEncoding = 4; lastKnownFileType = sourcecode.swift; path = MYHttpAlamo.swift; sourceTree = "<group>"; };
		04C910B11EFD2131000D2DB8 /* HeaderView.swift */ = {isa = PBXFileReference; fileEncoding = 4; lastKnownFileType = sourcecode.swift; path = HeaderView.swift; sourceTree = "<group>"; };
		04C910B21EFD2131000D2DB8 /* HeaderView.xib */ = {isa = PBXFileReference; fileEncoding = 4; lastKnownFileType = file.xib; path = HeaderView.xib; sourceTree = "<group>"; };
		749E76EC3301FB6DF0D30FA0 /* Pods_MisteryClient.framework */ = {isa = PBXFileReference; explicitFileType = wrapper.framework; includeInIndex = 0; path = Pods_MisteryClient.framework; sourceTree = BUILT_PRODUCTS_DIR; };
		752D794568D16841B97AA1CF /* Pods-MisteryClient.debug.xcconfig */ = {isa = PBXFileReference; includeInIndex = 1; lastKnownFileType = text.xcconfig; name = "Pods-MisteryClient.debug.xcconfig"; path = "Pods/Target Support Files/Pods-MisteryClient/Pods-MisteryClient.debug.xcconfig"; sourceTree = "<group>"; };
		DAE263F73FC7B0E517697385 /* Pods-MisteryClient.release.xcconfig */ = {isa = PBXFileReference; includeInIndex = 1; lastKnownFileType = text.xcconfig; name = "Pods-MisteryClient.release.xcconfig"; path = "Pods/Target Support Files/Pods-MisteryClient/Pods-MisteryClient.release.xcconfig"; sourceTree = "<group>"; };
/* End PBXFileReference section */

/* Begin PBXFrameworksBuildPhase section */
		044619CD1EFA640F008CD1E2 /* Frameworks */ = {
			isa = PBXFrameworksBuildPhase;
			buildActionMask = 2147483647;
			files = (
				5F1BB5DE48EC86B1B8BAB5DF /* Pods_MisteryClient.framework in Frameworks */,
			);
			runOnlyForDeploymentPostprocessing = 0;
		};
/* End PBXFrameworksBuildPhase section */

/* Begin PBXGroup section */
		044619C71EFA640F008CD1E2 = {
			isa = PBXGroup;
			children = (
				044619EC1EFA66A7008CD1E2 /* Cls */,
				044619E51EFA645F008CD1E2 /* Main */,
				044619D21EFA640F008CD1E2 /* MisteryClient */,
			);
			sourceTree = "<group>";
		};
		044619D21EFA640F008CD1E2 /* MisteryClient */ = {
			isa = PBXGroup;
			children = (
				10BE02BFF0AE8026C48A4C7A /* Altro */,
				04461A301EFA8629008CD1E2 /* Lang.txt */,
				044619E61EFA64BB008CD1E2 /* LaunchScreen.storyboard */,
				044619D31EFA640F008CD1E2 /* AppDelegate.swift */,
				044619DF1EFA6410008CD1E2 /* Info.plist */,
				044619DA1EFA640F008CD1E2 /* Assets.xcassets */,
			);
			path = MisteryClient;
			sourceTree = "<group>";
		};
		044619E51EFA645F008CD1E2 /* Main */ = {
			isa = PBXGroup;
			children = (
				04461A1D1EFA705C008CD1E2 /* Main.storyboard */,
				04461A231EFA84B9008CD1E2 /* Login.swift */,
				04461A1E1EFA705C008CD1E2 /* Main.swift */,
				04BCAD2C1EFA97B900745556 /* MainCell.swift */,
				04461A1A1EFA6FD1008CD1E2 /* Menu */,
			);
			name = Main;
			path = MisteryClient/Main;
			sourceTree = "<group>";
		};
		044619EC1EFA66A7008CD1E2 /* Cls */ = {
			isa = PBXGroup;
			children = (
				04BCAD321EFA9DB400745556 /* Model */,
				04461A251EFA8558008CD1E2 /* Class */,
				044619ED1EFA66A7008CD1E2 /* CustomClass */,
				044619FA1EFA66A7008CD1E2 /* Extension */,
			);
			path = Cls;
			sourceTree = "<group>";
		};
		044619ED1EFA66A7008CD1E2 /* CustomClass */ = {
			isa = PBXGroup;
			children = (
				044619F41EFA66A7008CD1E2 /* MYViewController */,
				044619EF1EFA66A7008CD1E2 /* MYButton.swift */,
				044619F01EFA66A7008CD1E2 /* MYLabel.swift */,
				044619F21EFA66A7008CD1E2 /* MYTextField.swift */,
			);
			path = CustomClass;
			sourceTree = "<group>";
		};
		044619F41EFA66A7008CD1E2 /* MYViewController */ = {
			isa = PBXGroup;
			children = (
				044619F71EFA66A7008CD1E2 /* MYViewController.swift */,
				04C910B11EFD2131000D2DB8 /* HeaderView.swift */,
				04C910B21EFD2131000D2DB8 /* HeaderView.xib */,
			);
			path = MYViewController;
			sourceTree = "<group>";
		};
		044619FA1EFA66A7008CD1E2 /* Extension */ = {
			isa = PBXGroup;
			children = (
				0472E2A81EFAC74D001CE358 /* Ext.Dictionary.swift */,
				04461A321EFA8955008CD1E2 /* Ext.UIViewController.swift */,
				04461A2A1EFA85CF008CD1E2 /* Ext.Date.swift */,
				04461A2B1EFA85CF008CD1E2 /* Ext.UIFont.swift */,
				044619FB1EFA66A7008CD1E2 /* Ext.Color.swift */,
				04461A2E1EFA85F7008CD1E2 /* Ext.String.swift */,
			);
			path = Extension;
			sourceTree = "<group>";
		};
		04461A1A1EFA6FD1008CD1E2 /* Menu */ = {
			isa = PBXGroup;
			children = (
				04461A1B1EFA6FE9008CD1E2 /* MenuView.xib */,
				04461A211EFA7073008CD1E2 /* MenuView.swift */,
			);
			name = Menu;
			sourceTree = "<group>";
		};
		04461A251EFA8558008CD1E2 /* Class */ = {
			isa = PBXGroup;
			children = (
				04BCAD371EFAB7FC00745556 /* MYHttpAlamo.swift */,
				04461A261EFA8558008CD1E2 /* MYLanguage.swift */,
				04461A271EFA8558008CD1E2 /* MYWheel.swift */,
			);
			path = Class;
			sourceTree = "<group>";
		};
		04BCAD321EFA9DB400745556 /* Model */ = {
			isa = PBXGroup;
			children = (
				04BCAD331EFA9DCF00745556 /* User.swift */,
			);
			name = Model;
			sourceTree = "<group>";
		};
		10BE02BFF0AE8026C48A4C7A /* Altro */ = {
			isa = PBXGroup;
			children = (
				4C60E8A0A1C835C44E80CFC8 /* Pods */,
				044619D01EFA640F008CD1E2 /* MisteryClient.app */,
				749E76EC3301FB6DF0D30FA0 /* Pods_MisteryClient.framework */,
			);
			name = Altro;
			path = ..;
			sourceTree = "<group>";
		};
		4C60E8A0A1C835C44E80CFC8 /* Pods */ = {
			isa = PBXGroup;
			children = (
				752D794568D16841B97AA1CF /* Pods-MisteryClient.debug.xcconfig */,
				DAE263F73FC7B0E517697385 /* Pods-MisteryClient.release.xcconfig */,
			);
			name = Pods;
			sourceTree = "<group>";
		};
/* End PBXGroup section */

/* Begin PBXNativeTarget section */
		044619CF1EFA640F008CD1E2 /* MisteryClient */ = {
			isa = PBXNativeTarget;
			buildConfigurationList = 044619E21EFA6410008CD1E2 /* Build configuration list for PBXNativeTarget "MisteryClient" */;
			buildPhases = (
				CE243D1C5F7B19B75748E054 /* [CP] Check Pods Manifest.lock */,
				044619CC1EFA640F008CD1E2 /* Sources */,
				044619CD1EFA640F008CD1E2 /* Frameworks */,
				044619CE1EFA640F008CD1E2 /* Resources */,
				829B30E3DC90C861FAC3E3EC /* [CP] Embed Pods Frameworks */,
				C234FA720E77BE73D000DF74 /* [CP] Copy Pods Resources */,
			);
			buildRules = (
			);
			dependencies = (
			);
			name = MisteryClient;
			productName = MisteryClient;
			productReference = 044619D01EFA640F008CD1E2 /* MisteryClient.app */;
			productType = "com.apple.product-type.application";
		};
/* End PBXNativeTarget section */

/* Begin PBXProject section */
		044619C81EFA640F008CD1E2 /* Project object */ = {
			isa = PBXProject;
			attributes = {
				LastSwiftUpdateCheck = 0830;
				LastUpgradeCheck = 0830;
				ORGANIZATIONNAME = Mebius;
				TargetAttributes = {
					044619CF1EFA640F008CD1E2 = {
						CreatedOnToolsVersion = 8.3.2;
						DevelopmentTeam = K2DWY28S5B;
						ProvisioningStyle = Automatic;
					};
				};
			};
			buildConfigurationList = 044619CB1EFA640F008CD1E2 /* Build configuration list for PBXProject "MisteryClient" */;
			compatibilityVersion = "Xcode 3.2";
			developmentRegion = English;
			hasScannedForEncodings = 0;
			knownRegions = (
				en,
				Base,
			);
			mainGroup = 044619C71EFA640F008CD1E2;
			productRefGroup = 044619C71EFA640F008CD1E2;
			projectDirPath = "";
			projectRoot = "";
			targets = (
				044619CF1EFA640F008CD1E2 /* MisteryClient */,
			);
		};
/* End PBXProject section */

/* Begin PBXResourcesBuildPhase section */
		044619CE1EFA640F008CD1E2 /* Resources */ = {
			isa = PBXResourcesBuildPhase;
			buildActionMask = 2147483647;
			files = (
				04461A311EFA8629008CD1E2 /* Lang.txt in Resources */,
				04461A1C1EFA6FE9008CD1E2 /* MenuView.xib in Resources */,
				044619DB1EFA640F008CD1E2 /* Assets.xcassets in Resources */,
				04C910B41EFD2131000D2DB8 /* HeaderView.xib in Resources */,
				044619E71EFA64BB008CD1E2 /* LaunchScreen.storyboard in Resources */,
				04461A1F1EFA705C008CD1E2 /* Main.storyboard in Resources */,
			);
			runOnlyForDeploymentPostprocessing = 0;
		};
/* End PBXResourcesBuildPhase section */

/* Begin PBXShellScriptBuildPhase section */
		829B30E3DC90C861FAC3E3EC /* [CP] Embed Pods Frameworks */ = {
			isa = PBXShellScriptBuildPhase;
			buildActionMask = 2147483647;
			files = (
			);
			inputPaths = (
			);
			name = "[CP] Embed Pods Frameworks";
			outputPaths = (
			);
			runOnlyForDeploymentPostprocessing = 0;
			shellPath = /bin/sh;
			shellScript = "\"${SRCROOT}/Pods/Target Support Files/Pods-MisteryClient/Pods-MisteryClient-frameworks.sh\"\n";
			showEnvVarsInLog = 0;
		};
		C234FA720E77BE73D000DF74 /* [CP] Copy Pods Resources */ = {
			isa = PBXShellScriptBuildPhase;
			buildActionMask = 2147483647;
			files = (
			);
			inputPaths = (
			);
			name = "[CP] Copy Pods Resources";
			outputPaths = (
			);
			runOnlyForDeploymentPostprocessing = 0;
			shellPath = /bin/sh;
			shellScript = "\"${SRCROOT}/Pods/Target Support Files/Pods-MisteryClient/Pods-MisteryClient-resources.sh\"\n";
			showEnvVarsInLog = 0;
		};
		CE243D1C5F7B19B75748E054 /* [CP] Check Pods Manifest.lock */ = {
			isa = PBXShellScriptBuildPhase;
			buildActionMask = 2147483647;
			files = (
			);
			inputPaths = (
			);
			name = "[CP] Check Pods Manifest.lock";
			outputPaths = (
			);
			runOnlyForDeploymentPostprocessing = 0;
			shellPath = /bin/sh;
			shellScript = "diff \"${PODS_PODFILE_DIR_PATH}/Podfile.lock\" \"${PODS_ROOT}/Manifest.lock\" > /dev/null\nif [ $? != 0 ] ; then\n    # print error to STDERR\n    echo \"error: The sandbox is not in sync with the Podfile.lock. Run 'pod install' or update your CocoaPods installation.\" >&2\n    exit 1\nfi\n";
			showEnvVarsInLog = 0;
		};
/* End PBXShellScriptBuildPhase section */

/* Begin PBXSourcesBuildPhase section */
		044619CC1EFA640F008CD1E2 /* Sources */ = {
			isa = PBXSourcesBuildPhase;
			buildActionMask = 2147483647;
			files = (
				04461A2C1EFA85CF008CD1E2 /* Ext.Date.swift in Sources */,
				04461A331EFA8955008CD1E2 /* Ext.UIViewController.swift in Sources */,
				04461A201EFA705C008CD1E2 /* Main.swift in Sources */,
				04461A071EFA66A7008CD1E2 /* MYTextField.swift in Sources */,
				0472E2A91EFAC74D001CE358 /* Ext.Dictionary.swift in Sources */,
				044619D41EFA640F008CD1E2 /* AppDelegate.swift in Sources */,
				04461A2D1EFA85CF008CD1E2 /* Ext.UIFont.swift in Sources */,
				04461A051EFA66A7008CD1E2 /* MYLabel.swift in Sources */,
				04461A281EFA8558008CD1E2 /* MYLanguage.swift in Sources */,
				04461A221EFA7073008CD1E2 /* MenuView.swift in Sources */,
				04461A0B1EFA66A7008CD1E2 /* MYViewController.swift in Sources */,
				04461A0E1EFA66A7008CD1E2 /* Ext.Color.swift in Sources */,
				04461A291EFA8558008CD1E2 /* MYWheel.swift in Sources */,
				04461A041EFA66A7008CD1E2 /* MYButton.swift in Sources */,
				04BCAD341EFA9DCF00745556 /* User.swift in Sources */,
				04C910B31EFD2131000D2DB8 /* HeaderView.swift in Sources */,
				04461A241EFA84B9008CD1E2 /* Login.swift in Sources */,
				04BCAD381EFAB7FC00745556 /* MYHttpAlamo.swift in Sources */,
				04BCAD2D1EFA97B900745556 /* MainCell.swift in Sources */,
				04461A2F1EFA85F7008CD1E2 /* Ext.String.swift in Sources */,
			);
			runOnlyForDeploymentPostprocessing = 0;
		};
/* End PBXSourcesBuildPhase section */

/* Begin XCBuildConfiguration section */
		044619E01EFA6410008CD1E2 /* Debug */ = {
			isa = XCBuildConfiguration;
			buildSettings = {
				ALWAYS_SEARCH_USER_PATHS = NO;
				CLANG_ANALYZER_NONNULL = YES;
				CLANG_ANALYZER_NUMBER_OBJECT_CONVERSION = YES_AGGRESSIVE;
				CLANG_CXX_LANGUAGE_STANDARD = "gnu++0x";
				CLANG_CXX_LIBRARY = "libc++";
				CLANG_ENABLE_MODULES = YES;
				CLANG_ENABLE_OBJC_ARC = YES;
				CLANG_WARN_BOOL_CONVERSION = YES;
				CLANG_WARN_CONSTANT_CONVERSION = YES;
				CLANG_WARN_DIRECT_OBJC_ISA_USAGE = YES_ERROR;
				CLANG_WARN_DOCUMENTATION_COMMENTS = YES;
				CLANG_WARN_EMPTY_BODY = YES;
				CLANG_WARN_ENUM_CONVERSION = YES;
				CLANG_WARN_INFINITE_RECURSION = YES;
				CLANG_WARN_INT_CONVERSION = YES;
				CLANG_WARN_OBJC_ROOT_CLASS = YES_ERROR;
				CLANG_WARN_SUSPICIOUS_MOVE = YES;
				CLANG_WARN_UNREACHABLE_CODE = YES;
				CLANG_WARN__DUPLICATE_METHOD_MATCH = YES;
				"CODE_SIGN_IDENTITY[sdk=iphoneos*]" = "iPhone Developer";
				COPY_PHASE_STRIP = NO;
				DEBUG_INFORMATION_FORMAT = dwarf;
				ENABLE_STRICT_OBJC_MSGSEND = YES;
				ENABLE_TESTABILITY = YES;
				GCC_C_LANGUAGE_STANDARD = gnu99;
				GCC_DYNAMIC_NO_PIC = NO;
				GCC_NO_COMMON_BLOCKS = YES;
				GCC_OPTIMIZATION_LEVEL = 0;
				GCC_PREPROCESSOR_DEFINITIONS = (
					"DEBUG=1",
					"$(inherited)",
				);
				GCC_WARN_64_TO_32_BIT_CONVERSION = YES;
				GCC_WARN_ABOUT_RETURN_TYPE = YES_ERROR;
				GCC_WARN_UNDECLARED_SELECTOR = YES;
				GCC_WARN_UNINITIALIZED_AUTOS = YES_AGGRESSIVE;
				GCC_WARN_UNUSED_FUNCTION = YES;
				GCC_WARN_UNUSED_VARIABLE = YES;
				IPHONEOS_DEPLOYMENT_TARGET = 9.3;
				MTL_ENABLE_DEBUG_INFO = YES;
				ONLY_ACTIVE_ARCH = YES;
				SDKROOT = iphoneos;
				SWIFT_ACTIVE_COMPILATION_CONDITIONS = DEBUG;
				SWIFT_OPTIMIZATION_LEVEL = "-Onone";
			};
			name = Debug;
		};
		044619E11EFA6410008CD1E2 /* Release */ = {
			isa = XCBuildConfiguration;
			buildSettings = {
				ALWAYS_SEARCH_USER_PATHS = NO;
				CLANG_ANALYZER_NONNULL = YES;
				CLANG_ANALYZER_NUMBER_OBJECT_CONVERSION = YES_AGGRESSIVE;
				CLANG_CXX_LANGUAGE_STANDARD = "gnu++0x";
				CLANG_CXX_LIBRARY = "libc++";
				CLANG_ENABLE_MODULES = YES;
				CLANG_ENABLE_OBJC_ARC = YES;
				CLANG_WARN_BOOL_CONVERSION = YES;
				CLANG_WARN_CONSTANT_CONVERSION = YES;
				CLANG_WARN_DIRECT_OBJC_ISA_USAGE = YES_ERROR;
				CLANG_WARN_DOCUMENTATION_COMMENTS = YES;
				CLANG_WARN_EMPTY_BODY = YES;
				CLANG_WARN_ENUM_CONVERSION = YES;
				CLANG_WARN_INFINITE_RECURSION = YES;
				CLANG_WARN_INT_CONVERSION = YES;
				CLANG_WARN_OBJC_ROOT_CLASS = YES_ERROR;
				CLANG_WARN_SUSPICIOUS_MOVE = YES;
				CLANG_WARN_UNREACHABLE_CODE = YES;
				CLANG_WARN__DUPLICATE_METHOD_MATCH = YES;
				"CODE_SIGN_IDENTITY[sdk=iphoneos*]" = "iPhone Developer";
				COPY_PHASE_STRIP = NO;
				DEBUG_INFORMATION_FORMAT = "dwarf-with-dsym";
				ENABLE_NS_ASSERTIONS = NO;
				ENABLE_STRICT_OBJC_MSGSEND = YES;
				GCC_C_LANGUAGE_STANDARD = gnu99;
				GCC_NO_COMMON_BLOCKS = YES;
				GCC_WARN_64_TO_32_BIT_CONVERSION = YES;
				GCC_WARN_ABOUT_RETURN_TYPE = YES_ERROR;
				GCC_WARN_UNDECLARED_SELECTOR = YES;
				GCC_WARN_UNINITIALIZED_AUTOS = YES_AGGRESSIVE;
				GCC_WARN_UNUSED_FUNCTION = YES;
				GCC_WARN_UNUSED_VARIABLE = YES;
				IPHONEOS_DEPLOYMENT_TARGET = 9.3;
				MTL_ENABLE_DEBUG_INFO = NO;
				SDKROOT = iphoneos;
				SWIFT_OPTIMIZATION_LEVEL = "-Owholemodule";
				VALIDATE_PRODUCT = YES;
			};
			name = Release;
		};
		044619E31EFA6410008CD1E2 /* Debug */ = {
			isa = XCBuildConfiguration;
			baseConfigurationReference = 752D794568D16841B97AA1CF /* Pods-MisteryClient.debug.xcconfig */;
			buildSettings = {
				ASSETCATALOG_COMPILER_APPICON_NAME = AppIcon;
				DEVELOPMENT_TEAM = K2DWY28S5B;
				INFOPLIST_FILE = MisteryClient/Info.plist;
				IPHONEOS_DEPLOYMENT_TARGET = 9.3;
				LD_RUNPATH_SEARCH_PATHS = "$(inherited) @executable_path/Frameworks";
				PRODUCT_BUNDLE_IDENTIFIER = it.mebius.MisteryClient;
				PRODUCT_NAME = "$(TARGET_NAME)";
				SWIFT_VERSION = 3.0;
			};
			name = Debug;
		};
		044619E41EFA6410008CD1E2 /* Release */ = {
			isa = XCBuildConfiguration;
			baseConfigurationReference = DAE263F73FC7B0E517697385 /* Pods-MisteryClient.release.xcconfig */;
			buildSettings = {
				ASSETCATALOG_COMPILER_APPICON_NAME = AppIcon;
				DEVELOPMENT_TEAM = K2DWY28S5B;
				INFOPLIST_FILE = MisteryClient/Info.plist;
				IPHONEOS_DEPLOYMENT_TARGET = 9.3;
				LD_RUNPATH_SEARCH_PATHS = "$(inherited) @executable_path/Frameworks";
				PRODUCT_BUNDLE_IDENTIFIER = it.mebius.MisteryClient;
				PRODUCT_NAME = "$(TARGET_NAME)";
				SWIFT_VERSION = 3.0;
			};
			name = Release;
		};
/* End XCBuildConfiguration section */

/* Begin XCConfigurationList section */
		044619CB1EFA640F008CD1E2 /* Build configuration list for PBXProject "MisteryClient" */ = {
			isa = XCConfigurationList;
			buildConfigurations = (
				044619E01EFA6410008CD1E2 /* Debug */,
				044619E11EFA6410008CD1E2 /* Release */,
			);
			defaultConfigurationIsVisible = 0;
			defaultConfigurationName = Release;
		};
		044619E21EFA6410008CD1E2 /* Build configuration list for PBXNativeTarget "MisteryClient" */ = {
			isa = XCConfigurationList;
			buildConfigurations = (
				044619E31EFA6410008CD1E2 /* Debug */,
				044619E41EFA6410008CD1E2 /* Release */,
			);
			defaultConfigurationIsVisible = 0;
			defaultConfigurationName = Release;
		};
/* End XCConfigurationList section */
	};
	rootObject = 044619C81EFA640F008CD1E2 /* Project object */;
}
